
Microsoft Visual Studio Solution File, Format Version 12.00
# Visual Studio Version 16
VisualStudioVersion = 16.0.32407.337
MinimumVisualStudioVersion = 10.0.40219.1
Project("{FAE04EC0-301F-11D3-BF4B-00C04F79EFBC}") = "Iskola", "Iskola\Iskola.csproj", "{36F631EB-5BC8-4360-81F4-8A48BF846F1A}"
EndProject
Global
	GlobalSection(SolutionConfigurationPlatforms) = preSolution
		Debug|Any CPU = Debug|Any CPU
		Release|Any CPU = Release|Any CPU
	EndGlobalSection
	GlobalSection(ProjectConfigurationPlatforms) = postSolution
		{36F631EB-5BC8-4360-81F4-8A48BF846F1A}.Debug|Any CPU.ActiveCfg = Debug|Any CPU
		{36F631EB-5BC8-4360-81F4-8A48BF846F1A}.Debug|Any CPU.Build.0 = Debug|Any CPU
		{36F631EB-5BC8-4360-81F4-8A48BF846F1A}.Release|Any CPU.ActiveCfg = Release|Any CPU
		{36F631EB-5BC8-4360-81F4-8A48BF846F1A}.Release|Any CPU.Build.0 = Release|Any CPU
	EndGlobalSection
	GlobalSection(SolutionProperties) = preSolution
		HideSolutionNode = FALSE
	EndGlobalSection
	GlobalSection(ExtensibilityGlobals) = postSolution
		SolutionGuid = {381AD7DC-903D-43DE-A07E-6E0D4CD3835B}
	EndGlobalSection
EndGlobal
